<Solution>
  <Folder Name="/Src/">
    <Project Path="D:/Didar/Task/TestProjectForServiceBusAndOrchestraitor/SharedSubSystem/SharedSubSystem.csproj" />
  </Folder>
  <Folder Name="/Src/AuthManagementSubSystem/">
    <Project Path="D:/Didar/Task/TestProjectForServiceBusAndOrchestraitor/AuthManagementSubSystem.Aggregators/AuthManagementSubSystem.Aggregators.csproj" Id="8ebb3e28-e540-43c8-99e5-1b6228b52c2f" />
    <Project Path="D:/Didar/Task/TestProjectForServiceBusAndOrchestraitor/AuthManagementSubSystem.Api/AuthManagementSubSystem.Api.csproj" Id="7fc946f6-04bf-483a-aa95-fd016978ed64" />
    <Project Path="D:/Didar/Task/TestProjectForServiceBusAndOrchestraitor/AuthManagementSubSystem.DTOs/AuthManagementSubSystem.DTOs.csproj" Id="5afbd7d4-e2cd-41e5-bde4-200f45f3858f" />
    <Project Path="D:/Didar/Task/TestProjectForServiceBusAndOrchestraitor/AuthManagementSubSystem.Handlers/AuthManagementSubSystem.Handlers.csproj" Id="5369aad9-110f-48cc-81b7-70429d406544" />
    <Project Path="D:/Didar/Task/TestProjectForServiceBusAndOrchestraitor/AuthManagementSubSystem.Repository/AuthManagementSubSystem.Repository.csproj" Id="a862e0b9-9b0c-43b5-a519-48c98a812ca3" />
  </Folder>
  <Folder Name="/Src/OrchestraitorSubSystem/">
    <Project Path="D:/Didar/Task/TestProjectForServiceBusAndOrchestraitor/OrchestraitorSubSystem.Api/OrchestraitorSubSystem.Api.csproj" />
    <Project Path="D:/Didar/Task/TestProjectForServiceBusAndOrchestraitor/OrchestraitorSubSystem.DTOs/OrchestraitorSubSystem.DTOs.csproj" />
    <Project Path="D:/Didar/Task/TestProjectForServiceBusAndOrchestraitor/OrchestraitorSubSystem.Handler/OrchestraitorSubSystem.Handler.csproj" />
  </Folder>
  <Folder Name="/Src/OrderManagementSubsystem/">
    <Project Path="D:/Didar/Task/TestProjectForServiceBusAndOrchestraitor/OrderManagementSubsystem.Aggregators/OrderManagementSubsystem.Aggregators.csproj" />
    <Project Path="D:/Didar/Task/TestProjectForServiceBusAndOrchestraitor/OrderManagementSubsystem.Api/OrderManagementSubsystem.Api.csproj" />
    <Project Path="D:/Didar/Task/TestProjectForServiceBusAndOrchestraitor/OrderManagementSubsystem.DTOs/OrderManagementSubsystem.DTOs.csproj" />
    <Project Path="D:/Didar/Task/TestProjectForServiceBusAndOrchestraitor/OrderManagementSubsystem.Handler/OrderManagementSubsystem.Handler.csproj" />
    <Project Path="D:/Didar/Task/TestProjectForServiceBusAndOrchestraitor/OrderManagementSubsystem.Repository/OrderManagementSubsystem.Repository.csproj" />
  </Folder>
  <Folder Name="/Src/PaymentManagementSubSystem/">
    <Project Path="D:/Didar/Task/TestProjectForServiceBusAndOrchestraitor/PaymentManagementSubSystem.Aggregators/PaymentManagementSubSystem.Aggregators.csproj" />
    <Project Path="D:/Didar/Task/TestProjectForServiceBusAndOrchestraitor/PaymentManagementSubSystem.Api/PaymentManagementSubSystem.Api.csproj" />
    <Project Path="D:/Didar/Task/TestProjectForServiceBusAndOrchestraitor/PaymentManagementSubSystem.DTOs/PaymentManagementSubSystem.DTOs.csproj" />
    <Project Path="D:/Didar/Task/TestProjectForServiceBusAndOrchestraitor/PaymentManagementSubSystem.Handler/PaymentManagementSubSystem.Handler.csproj" />
    <Project Path="D:/Didar/Task/TestProjectForServiceBusAndOrchestraitor/PaymentManagementSubSystem.Repository/PaymentManagementSubSystem.Repository.csproj" />
  </Folder>
  <Folder Name="/Src/ServiceBus/">
    <Project Path="D:/Didar/Task/TestProjectForServiceBusAndOrchestraitor/ServiceBus/ServiceBus.csproj" />
  </Folder>
</Solution>
